
Microsoft Visual Studio Solution File, Format Version 12.00
# Visual Studio Version 16
VisualStudioVersion = 16.0.31727.386
MinimumVisualStudioVersion = 10.0.40219.1
Project("{FAE04EC0-301F-11D3-BF4B-00C04F79EFBC}") = "Bussines", "Bussines\Bussines.csproj", "{5A3A8FB9-AA4F-4083-A9FD-C84589A44CBD}"
EndProject
Project("{FAE04EC0-301F-11D3-BF4B-00C04F79EFBC}") = "DataAccess", "DataAccess\DataAccess.csproj", "{867B899F-3D43-48F5-805E-D2696147EF6B}"
EndProject
Project("{FAE04EC0-301F-11D3-BF4B-00C04F79EFBC}") = "Entities", "Entities\Entities.csproj", "{AF1BE43B-BA07-4DAC-B22E-0E02C47DC27D}"
EndProject
Project("{FAE04EC0-301F-11D3-BF4B-00C04F79EFBC}") = "WebAPI", "WebAPI\WebAPI.csproj", "{44E600C1-C50E-4B3D-B331-3C9696EA8C91}"
EndProject
Project("{FAE04EC0-301F-11D3-BF4B-00C04F79EFBC}") = "WebApiWithWindowsForm", "WebApiWithWindowsForm\WebApiWithWindowsForm.csproj", "{04FA773B-2672-42F9-B51D-2F5F39734DCD}"
EndProject
Project("{FAE04EC0-301F-11D3-BF4B-00C04F79EFBC}") = "WebAPIWithCoreMVC", "WebAPIWithCoreMVC\WebAPIWithCoreMVC.csproj", "{089FFD1F-3987-4BBD-9D99-2A6682363BC2}"
EndProject
Global
	GlobalSection(SolutionConfigurationPlatforms) = preSolution
		Debug|Any CPU = Debug|Any CPU
		Release|Any CPU = Release|Any CPU
	EndGlobalSection
	GlobalSection(ProjectConfigurationPlatforms) = postSolution
		{5A3A8FB9-AA4F-4083-A9FD-C84589A44CBD}.Debug|Any CPU.ActiveCfg = Debug|Any CPU
		{5A3A8FB9-AA4F-4083-A9FD-C84589A44CBD}.Debug|Any CPU.Build.0 = Debug|Any CPU
		{5A3A8FB9-AA4F-4083-A9FD-C84589A44CBD}.Release|Any CPU.ActiveCfg = Release|Any CPU
		{5A3A8FB9-AA4F-4083-A9FD-C84589A44CBD}.Release|Any CPU.Build.0 = Release|Any CPU
		{867B899F-3D43-48F5-805E-D2696147EF6B}.Debug|Any CPU.ActiveCfg = Debug|Any CPU
		{867B899F-3D43-48F5-805E-D2696147EF6B}.Debug|Any CPU.Build.0 = Debug|Any CPU
		{867B899F-3D43-48F5-805E-D2696147EF6B}.Release|Any CPU.ActiveCfg = Release|Any CPU
		{867B899F-3D43-48F5-805E-D2696147EF6B}.Release|Any CPU.Build.0 = Release|Any CPU
		{AF1BE43B-BA07-4DAC-B22E-0E02C47DC27D}.Debug|Any CPU.ActiveCfg = Debug|Any CPU
		{AF1BE43B-BA07-4DAC-B22E-0E02C47DC27D}.Debug|Any CPU.Build.0 = Debug|Any CPU
		{AF1BE43B-BA07-4DAC-B22E-0E02C47DC27D}.Release|Any CPU.ActiveCfg = Release|Any CPU
		{AF1BE43B-BA07-4DAC-B22E-0E02C47DC27D}.Release|Any CPU.Build.0 = Release|Any CPU
		{44E600C1-C50E-4B3D-B331-3C9696EA8C91}.Debug|Any CPU.ActiveCfg = Debug|Any CPU
		{44E600C1-C50E-4B3D-B331-3C9696EA8C91}.Debug|Any CPU.Build.0 = Debug|Any CPU
		{44E600C1-C50E-4B3D-B331-3C9696EA8C91}.Release|Any CPU.ActiveCfg = Release|Any CPU
		{44E600C1-C50E-4B3D-B331-3C9696EA8C91}.Release|Any CPU.Build.0 = Release|Any CPU
		{04FA773B-2672-42F9-B51D-2F5F39734DCD}.Debug|Any CPU.ActiveCfg = Debug|Any CPU
		{04FA773B-2672-42F9-B51D-2F5F39734DCD}.Debug|Any CPU.Build.0 = Debug|Any CPU
		{04FA773B-2672-42F9-B51D-2F5F39734DCD}.Release|Any CPU.ActiveCfg = Release|Any CPU
		{04FA773B-2672-42F9-B51D-2F5F39734DCD}.Release|Any CPU.Build.0 = Release|Any CPU
		{089FFD1F-3987-4BBD-9D99-2A6682363BC2}.Debug|Any CPU.ActiveCfg = Debug|Any CPU
		{089FFD1F-3987-4BBD-9D99-2A6682363BC2}.Debug|Any CPU.Build.0 = Debug|Any CPU
		{089FFD1F-3987-4BBD-9D99-2A6682363BC2}.Release|Any CPU.ActiveCfg = Release|Any CPU
		{089FFD1F-3987-4BBD-9D99-2A6682363BC2}.Release|Any CPU.Build.0 = Release|Any CPU
	EndGlobalSection
	GlobalSection(SolutionProperties) = preSolution
		HideSolutionNode = FALSE
	EndGlobalSection
	GlobalSection(ExtensibilityGlobals) = postSolution
		SolutionGuid = {9FFB7530-306E-4680-88ED-9BE64C16C0E8}
	EndGlobalSection
EndGlobal
